
Microsoft Visual Studio Solution File, Format Version 12.00
# Visual Studio Version 16
VisualStudioVersion = 16.0.28917.181
MinimumVisualStudioVersion = 10.0.40219.1
Project("{FAE04EC0-301F-11D3-BF4B-00C04F79EFBC}") = "Login inrerface", "Login inrerface\Login inrerface.csproj", "{84DB995F-5115-48F9-A665-019AA1A5F727}"
EndProject
Global
	GlobalSection(SolutionConfigurationPlatforms) = preSolution
		Debug|Any CPU = Debug|Any CPU
		Release|Any CPU = Release|Any CPU
	EndGlobalSection
	GlobalSection(ProjectConfigurationPlatforms) = postSolution
		{84DB995F-5115-48F9-A665-019AA1A5F727}.Debug|Any CPU.ActiveCfg = Debug|Any CPU
		{84DB995F-5115-48F9-A665-019AA1A5F727}.Debug|Any CPU.Build.0 = Debug|Any CPU
		{84DB995F-5115-48F9-A665-019AA1A5F727}.Release|Any CPU.ActiveCfg = Release|Any CPU
		{84DB995F-5115-48F9-A665-019AA1A5F727}.Release|Any CPU.Build.0 = Release|Any CPU
	EndGlobalSection
	GlobalSection(SolutionProperties) = preSolution
		HideSolutionNode = FALSE
	EndGlobalSection
	GlobalSection(ExtensibilityGlobals) = postSolution
		SolutionGuid = {108352E3-A9D7-4EC0-A570-29B9D1E8018B}
	EndGlobalSection
EndGlobal
